// !$*UTF8*$!
{
	archiveVersion = 1;
	classes = {
	};
	objectVersion = 56;
	objects = {

/* Begin PBXBuildFile section */
		027FE3702B3C218F00EC41F1 /* AppDelegate.swift in Sources */ = {isa = PBXBuildFile; fileRef = 027FE36F2B3C218F00EC41F1 /* AppDelegate.swift */; };
		027FE3722B3C218F00EC41F1 /* SceneDelegate.swift in Sources */ = {isa = PBXBuildFile; fileRef = 027FE3712B3C218F00EC41F1 /* SceneDelegate.swift */; };
		027FE3742B3C218F00EC41F1 /* RegisterViewController.swift in Sources */ = {isa = PBXBuildFile; fileRef = 027FE3732B3C218F00EC41F1 /* RegisterViewController.swift */; };
		027FE3792B3C218F00EC41F1 /* Assets.xcassets in Resources */ = {isa = PBXBuildFile; fileRef = 027FE3782B3C218F00EC41F1 /* Assets.xcassets */; };
		027FE37C2B3C218F00EC41F1 /* LaunchScreen.storyboard in Resources */ = {isa = PBXBuildFile; fileRef = 027FE37A2B3C218F00EC41F1 /* LaunchScreen.storyboard */; };
		027FE38B2B3C2D0300EC41F1 /* LoginViewController.swift in Sources */ = {isa = PBXBuildFile; fileRef = 027FE38A2B3C2D0300EC41F1 /* LoginViewController.swift */; };
		027FE38E2B3D3C0500EC41F1 /* Extension + UINavigationController.swift in Sources */ = {isa = PBXBuildFile; fileRef = 027FE38D2B3D3C0500EC41F1 /* Extension + UINavigationController.swift */; };
		027FE3932B3D3EA200EC41F1 /* CustomTextFiled.swift in Sources */ = {isa = PBXBuildFile; fileRef = 027FE3902B3D3EA200EC41F1 /* CustomTextFiled.swift */; };
		027FE3942B3D3EA200EC41F1 /* HeaderTextLabel.swift in Sources */ = {isa = PBXBuildFile; fileRef = 027FE3912B3D3EA200EC41F1 /* HeaderTextLabel.swift */; };
		027FE3952B3D3EA200EC41F1 /* CustomButton.swift in Sources */ = {isa = PBXBuildFile; fileRef = 027FE3922B3D3EA200EC41F1 /* CustomButton.swift */; };
		2FBE2C1E49909D66CBCFBBE8 /* Pods_searchforcoffee.framework in Frameworks */ = {isa = PBXBuildFile; fileRef = 6662D4FDD555C5B1DD0B9019 /* Pods_searchforcoffee.framework */; };
/* End PBXBuildFile section */

/* Begin PBXFileReference section */
		027FE36C2B3C218F00EC41F1 /* searchforcoffee.app */ = {isa = PBXFileReference; explicitFileType = wrapper.application; includeInIndex = 0; path = searchforcoffee.app; sourceTree = BUILT_PRODUCTS_DIR; };
		027FE36F2B3C218F00EC41F1 /* AppDelegate.swift */ = {isa = PBXFileReference; lastKnownFileType = sourcecode.swift; path = AppDelegate.swift; sourceTree = "<group>"; };
		027FE3712B3C218F00EC41F1 /* SceneDelegate.swift */ = {isa = PBXFileReference; lastKnownFileType = sourcecode.swift; path = SceneDelegate.swift; sourceTree = "<group>"; };
		027FE3732B3C218F00EC41F1 /* RegisterViewController.swift */ = {isa = PBXFileReference; lastKnownFileType = sourcecode.swift; path = RegisterViewController.swift; sourceTree = "<group>"; };
		027FE3782B3C218F00EC41F1 /* Assets.xcassets */ = {isa = PBXFileReference; lastKnownFileType = folder.assetcatalog; path = Assets.xcassets; sourceTree = "<group>"; };
		027FE37B2B3C218F00EC41F1 /* Base */ = {isa = PBXFileReference; lastKnownFileType = file.storyboard; name = Base; path = Base.lproj/LaunchScreen.storyboard; sourceTree = "<group>"; };
		027FE37D2B3C218F00EC41F1 /* Info.plist */ = {isa = PBXFileReference; lastKnownFileType = text.plist.xml; path = Info.plist; sourceTree = "<group>"; };
		027FE38A2B3C2D0300EC41F1 /* LoginViewController.swift */ = {isa = PBXFileReference; lastKnownFileType = sourcecode.swift; path = LoginViewController.swift; sourceTree = "<group>"; };
		027FE38D2B3D3C0500EC41F1 /* Extension + UINavigationController.swift */ = {isa = PBXFileReference; lastKnownFileType = sourcecode.swift; path = "Extension + UINavigationController.swift"; sourceTree = "<group>"; };
		027FE3902B3D3EA200EC41F1 /* CustomTextFiled.swift */ = {isa = PBXFileReference; fileEncoding = 4; lastKnownFileType = sourcecode.swift; path = CustomTextFiled.swift; sourceTree = "<group>"; };
		027FE3912B3D3EA200EC41F1 /* HeaderTextLabel.swift */ = {isa = PBXFileReference; fileEncoding = 4; lastKnownFileType = sourcecode.swift; path = HeaderTextLabel.swift; sourceTree = "<group>"; };
		027FE3922B3D3EA200EC41F1 /* CustomButton.swift */ = {isa = PBXFileReference; fileEncoding = 4; lastKnownFileType = sourcecode.swift; path = CustomButton.swift; sourceTree = "<group>"; };
		0AE3702E4AA4BF93AA5DEBF3 /* Pods-searchforcoffee.release.xcconfig */ = {isa = PBXFileReference; includeInIndex = 1; lastKnownFileType = text.xcconfig; name = "Pods-searchforcoffee.release.xcconfig"; path = "Target Support Files/Pods-searchforcoffee/Pods-searchforcoffee.release.xcconfig"; sourceTree = "<group>"; };
		6662D4FDD555C5B1DD0B9019 /* Pods_searchforcoffee.framework */ = {isa = PBXFileReference; explicitFileType = wrapper.framework; includeInIndex = 0; path = Pods_searchforcoffee.framework; sourceTree = BUILT_PRODUCTS_DIR; };
		BC47B88610169AB4FEF6433C /* Pods-searchforcoffee.debug.xcconfig */ = {isa = PBXFileReference; includeInIndex = 1; lastKnownFileType = text.xcconfig; name = "Pods-searchforcoffee.debug.xcconfig"; path = "Target Support Files/Pods-searchforcoffee/Pods-searchforcoffee.debug.xcconfig"; sourceTree = "<group>"; };
/* End PBXFileReference section */

/* Begin PBXFrameworksBuildPhase section */
		027FE3692B3C218E00EC41F1 /* Frameworks */ = {
			isa = PBXFrameworksBuildPhase;
			buildActionMask = 2147483647;
			files = (
				2FBE2C1E49909D66CBCFBBE8 /* Pods_searchforcoffee.framework in Frameworks */,
			);
			runOnlyForDeploymentPostprocessing = 0;
		};
/* End PBXFrameworksBuildPhase section */

/* Begin PBXGroup section */
		027FE3632B3C218E00EC41F1 = {
			isa = PBXGroup;
			children = (
				027FE36E2B3C218F00EC41F1 /* searchforcoffee */,
				027FE36D2B3C218F00EC41F1 /* Products */,
				3A2C7F1AD4A4B358FF7620B0 /* Pods */,
				C08FBA1726ABAB92F4001158 /* Frameworks */,
			);
			sourceTree = "<group>";
		};
		027FE36D2B3C218F00EC41F1 /* Products */ = {
			isa = PBXGroup;
			children = (
				027FE36C2B3C218F00EC41F1 /* searchforcoffee.app */,
			);
			name = Products;
			sourceTree = "<group>";
		};
		027FE36E2B3C218F00EC41F1 /* searchforcoffee */ = {
			isa = PBXGroup;
			children = (
				027FE38F2B3D3DD700EC41F1 /* View */,
				027FE38C2B3D3BBC00EC41F1 /* Extensions */,
				027FE3892B3C2A1200EC41F1 /* Delegate */,
				027FE3882B3C2A0600EC41F1 /* Controller */,
				027FE3782B3C218F00EC41F1 /* Assets.xcassets */,
				027FE37A2B3C218F00EC41F1 /* LaunchScreen.storyboard */,
				027FE37D2B3C218F00EC41F1 /* Info.plist */,
			);
			path = searchforcoffee;
			sourceTree = "<group>";
		};
		027FE3882B3C2A0600EC41F1 /* Controller */ = {
			isa = PBXGroup;
			children = (
				027FE3732B3C218F00EC41F1 /* RegisterViewController.swift */,
				027FE38A2B3C2D0300EC41F1 /* LoginViewController.swift */,
			);
			path = Controller;
			sourceTree = "<group>";
		};
		027FE3892B3C2A1200EC41F1 /* Delegate */ = {
			isa = PBXGroup;
			children = (
				027FE36F2B3C218F00EC41F1 /* AppDelegate.swift */,
				027FE3712B3C218F00EC41F1 /* SceneDelegate.swift */,
			);
			path = Delegate;
			sourceTree = "<group>";
		};
		027FE38C2B3D3BBC00EC41F1 /* Extensions */ = {
			isa = PBXGroup;
			children = (
				027FE38D2B3D3C0500EC41F1 /* Extension + UINavigationController.swift */,
			);
			path = Extensions;
			sourceTree = "<group>";
		};
		027FE38F2B3D3DD700EC41F1 /* View */ = {
			isa = PBXGroup;
			children = (
				027FE3922B3D3EA200EC41F1 /* CustomButton.swift */,
				027FE3902B3D3EA200EC41F1 /* CustomTextFiled.swift */,
				027FE3912B3D3EA200EC41F1 /* HeaderTextLabel.swift */,
			);
			path = View;
			sourceTree = "<group>";
		};
		3A2C7F1AD4A4B358FF7620B0 /* Pods */ = {
			isa = PBXGroup;
			children = (
				BC47B88610169AB4FEF6433C /* Pods-searchforcoffee.debug.xcconfig */,
				0AE3702E4AA4BF93AA5DEBF3 /* Pods-searchforcoffee.release.xcconfig */,
			);
			path = Pods;
			sourceTree = "<group>";
		};
		C08FBA1726ABAB92F4001158 /* Frameworks */ = {
			isa = PBXGroup;
			children = (
				6662D4FDD555C5B1DD0B9019 /* Pods_searchforcoffee.framework */,
			);
			name = Frameworks;
			sourceTree = "<group>";
		};
/* End PBXGroup section */

/* Begin PBXNativeTarget section */
		027FE36B2B3C218E00EC41F1 /* searchforcoffee */ = {
			isa = PBXNativeTarget;
			buildConfigurationList = 027FE3802B3C218F00EC41F1 /* Build configuration list for PBXNativeTarget "searchforcoffee" */;
			buildPhases = (
				4DB4884CFDDA75AE386C2D55 /* [CP] Check Pods Manifest.lock */,
				027FE3682B3C218E00EC41F1 /* Sources */,
				027FE3692B3C218E00EC41F1 /* Frameworks */,
				027FE36A2B3C218E00EC41F1 /* Resources */,
				79C31B2F5F1C45168E4560BE /* [CP] Embed Pods Frameworks */,
			);
			buildRules = (
			);
			dependencies = (
			);
			name = searchforcoffee;
			productName = searchforcoffee;
			productReference = 027FE36C2B3C218F00EC41F1 /* searchforcoffee.app */;
			productType = "com.apple.product-type.application";
		};
/* End PBXNativeTarget section */

/* Begin PBXProject section */
		027FE3642B3C218E00EC41F1 /* Project object */ = {
			isa = PBXProject;
			attributes = {
				BuildIndependentTargetsInParallel = 1;
				LastSwiftUpdateCheck = 1510;
				LastUpgradeCheck = 1510;
				TargetAttributes = {
					027FE36B2B3C218E00EC41F1 = {
						CreatedOnToolsVersion = 15.1;
					};
				};
			};
			buildConfigurationList = 027FE3672B3C218E00EC41F1 /* Build configuration list for PBXProject "searchforcoffee" */;
			compatibilityVersion = "Xcode 14.0";
			developmentRegion = en;
			hasScannedForEncodings = 0;
			knownRegions = (
				en,
				Base,
			);
			mainGroup = 027FE3632B3C218E00EC41F1;
			productRefGroup = 027FE36D2B3C218F00EC41F1 /* Products */;
			projectDirPath = "";
			projectRoot = "";
			targets = (
				027FE36B2B3C218E00EC41F1 /* searchforcoffee */,
			);
		};
/* End PBXProject section */

/* Begin PBXResourcesBuildPhase section */
		027FE36A2B3C218E00EC41F1 /* Resources */ = {
			isa = PBXResourcesBuildPhase;
			buildActionMask = 2147483647;
			files = (
				027FE37C2B3C218F00EC41F1 /* LaunchScreen.storyboard in Resources */,
				027FE3792B3C218F00EC41F1 /* Assets.xcassets in Resources */,
			);
			runOnlyForDeploymentPostprocessing = 0;
		};
/* End PBXResourcesBuildPhase section */

/* Begin PBXShellScriptBuildPhase section */
		4DB4884CFDDA75AE386C2D55 /* [CP] Check Pods Manifest.lock */ = {
			isa = PBXShellScriptBuildPhase;
			buildActionMask = 2147483647;
			files = (
			);
			inputFileListPaths = (
			);
			inputPaths = (
				"${PODS_PODFILE_DIR_PATH}/Podfile.lock",
				"${PODS_ROOT}/Manifest.lock",
			);
			name = "[CP] Check Pods Manifest.lock";
			outputFileListPaths = (
			);
			outputPaths = (
				"$(DERIVED_FILE_DIR)/Pods-searchforcoffee-checkManifestLockResult.txt",
			);
			runOnlyForDeploymentPostprocessing = 0;
			shellPath = /bin/sh;
			shellScript = "diff \"${PODS_PODFILE_DIR_PATH}/Podfile.lock\" \"${PODS_ROOT}/Manifest.lock\" > /dev/null\nif [ $? != 0 ] ; then\n    # print error to STDERR\n    echo \"error: The sandbox is not in sync with the Podfile.lock. Run 'pod install' or update your CocoaPods installation.\" >&2\n    exit 1\nfi\n# This output is used by Xcode 'outputs' to avoid re-running this script phase.\necho \"SUCCESS\" > \"${SCRIPT_OUTPUT_FILE_0}\"\n";
			showEnvVarsInLog = 0;
		};
		79C31B2F5F1C45168E4560BE /* [CP] Embed Pods Frameworks */ = {
			isa = PBXShellScriptBuildPhase;
			buildActionMask = 2147483647;
			files = (
			);
			inputFileListPaths = (
				"${PODS_ROOT}/Target Support Files/Pods-searchforcoffee/Pods-searchforcoffee-frameworks-${CONFIGURATION}-input-files.xcfilelist",
			);
			name = "[CP] Embed Pods Frameworks";
			outputFileListPaths = (
				"${PODS_ROOT}/Target Support Files/Pods-searchforcoffee/Pods-searchforcoffee-frameworks-${CONFIGURATION}-output-files.xcfilelist",
			);
			runOnlyForDeploymentPostprocessing = 0;
			shellPath = /bin/sh;
			shellScript = "\"${PODS_ROOT}/Target Support Files/Pods-searchforcoffee/Pods-searchforcoffee-frameworks.sh\"\n";
			showEnvVarsInLog = 0;
		};
/* End PBXShellScriptBuildPhase section */

/* Begin PBXSourcesBuildPhase section */
		027FE3682B3C218E00EC41F1 /* Sources */ = {
			isa = PBXSourcesBuildPhase;
			buildActionMask = 2147483647;
			files = (
				027FE3932B3D3EA200EC41F1 /* CustomTextFiled.swift in Sources */,
				027FE38B2B3C2D0300EC41F1 /* LoginViewController.swift in Sources */,
				027FE3942B3D3EA200EC41F1 /* HeaderTextLabel.swift in Sources */,
				027FE38E2B3D3C0500EC41F1 /* Extension + UINavigationController.swift in Sources */,
				027FE3952B3D3EA200EC41F1 /* CustomButton.swift in Sources */,
				027FE3742B3C218F00EC41F1 /* RegisterViewController.swift in Sources */,
				027FE3702B3C218F00EC41F1 /* AppDelegate.swift in Sources */,
				027FE3722B3C218F00EC41F1 /* SceneDelegate.swift in Sources */,
			);
			runOnlyForDeploymentPostprocessing = 0;
		};
/* End PBXSourcesBuildPhase section */

/* Begin PBXVariantGroup section */
		027FE37A2B3C218F00EC41F1 /* LaunchScreen.storyboard */ = {
			isa = PBXVariantGroup;
			children = (
				027FE37B2B3C218F00EC41F1 /* Base */,
			);
			name = LaunchScreen.storyboard;
			sourceTree = "<group>";
		};
/* End PBXVariantGroup section */

/* Begin XCBuildConfiguration section */
		027FE37E2B3C218F00EC41F1 /* Debug */ = {
			isa = XCBuildConfiguration;
			buildSettings = {
				ALWAYS_SEARCH_USER_PATHS = NO;
				ASSETCATALOG_COMPILER_GENERATE_SWIFT_ASSET_SYMBOL_EXTENSIONS = YES;
				CLANG_ANALYZER_NONNULL = YES;
				CLANG_ANALYZER_NUMBER_OBJECT_CONVERSION = YES_AGGRESSIVE;
				CLANG_CXX_LANGUAGE_STANDARD = "gnu++20";
				CLANG_ENABLE_MODULES = YES;
				CLANG_ENABLE_OBJC_ARC = YES;
				CLANG_ENABLE_OBJC_WEAK = YES;
				CLANG_WARN_BLOCK_CAPTURE_AUTORELEASING = YES;
				CLANG_WARN_BOOL_CONVERSION = YES;
				CLANG_WARN_COMMA = YES;
				CLANG_WARN_CONSTANT_CONVERSION = YES;
				CLANG_WARN_DEPRECATED_OBJC_IMPLEMENTATIONS = YES;
				CLANG_WARN_DIRECT_OBJC_ISA_USAGE = YES_ERROR;
				CLANG_WARN_DOCUMENTATION_COMMENTS = YES;
				CLANG_WARN_EMPTY_BODY = YES;
				CLANG_WARN_ENUM_CONVERSION = YES;
				CLANG_WARN_INFINITE_RECURSION = YES;
				CLANG_WARN_INT_CONVERSION = YES;
				CLANG_WARN_NON_LITERAL_NULL_CONVERSION = YES;
				CLANG_WARN_OBJC_IMPLICIT_RETAIN_SELF = YES;
				CLANG_WARN_OBJC_LITERAL_CONVERSION = YES;
				CLANG_WARN_OBJC_ROOT_CLASS = YES_ERROR;
				CLANG_WARN_QUOTED_INCLUDE_IN_FRAMEWORK_HEADER = YES;
				CLANG_WARN_RANGE_LOOP_ANALYSIS = YES;
				CLANG_WARN_STRICT_PROTOTYPES = YES;
				CLANG_WARN_SUSPICIOUS_MOVE = YES;
				CLANG_WARN_UNGUARDED_AVAILABILITY = YES_AGGRESSIVE;
				CLANG_WARN_UNREACHABLE_CODE = YES;
				CLANG_WARN__DUPLICATE_METHOD_MATCH = YES;
				COPY_PHASE_STRIP = NO;
				DEBUG_INFORMATION_FORMAT = dwarf;
				ENABLE_STRICT_OBJC_MSGSEND = YES;
				ENABLE_TESTABILITY = YES;
				ENABLE_USER_SCRIPT_SANDBOXING = NO;
				GCC_C_LANGUAGE_STANDARD = gnu17;
				GCC_DYNAMIC_NO_PIC = NO;
				GCC_NO_COMMON_BLOCKS = YES;
				GCC_OPTIMIZATION_LEVEL = 0;
				GCC_PREPROCESSOR_DEFINITIONS = (
					"DEBUG=1",
					"$(inherited)",
				);
				GCC_WARN_64_TO_32_BIT_CONVERSION = YES;
				GCC_WARN_ABOUT_RETURN_TYPE = YES_ERROR;
				GCC_WARN_UNDECLARED_SELECTOR = YES;
				GCC_WARN_UNINITIALIZED_AUTOS = YES_AGGRESSIVE;
				GCC_WARN_UNUSED_FUNCTION = YES;
				GCC_WARN_UNUSED_VARIABLE = YES;
				IPHONEOS_DEPLOYMENT_TARGET = 17.2;
				LOCALIZATION_PREFERS_STRING_CATALOGS = YES;
				MTL_ENABLE_DEBUG_INFO = INCLUDE_SOURCE;
				MTL_FAST_MATH = YES;
				ONLY_ACTIVE_ARCH = YES;
				SDKROOT = iphoneos;
				SWIFT_ACTIVE_COMPILATION_CONDITIONS = "DEBUG $(inherited)";
				SWIFT_OPTIMIZATION_LEVEL = "-Onone";
			};
			name = Debug;
		};
		027FE37F2B3C218F00EC41F1 /* Release */ = {
			isa = XCBuildConfiguration;
			buildSettings = {
				ALWAYS_SEARCH_USER_PATHS = NO;
				ASSETCATALOG_COMPILER_GENERATE_SWIFT_ASSET_SYMBOL_EXTENSIONS = YES;
				CLANG_ANALYZER_NONNULL = YES;
				CLANG_ANALYZER_NUMBER_OBJECT_CONVERSION = YES_AGGRESSIVE;
				CLANG_CXX_LANGUAGE_STANDARD = "gnu++20";
				CLANG_ENABLE_MODULES = YES;
				CLANG_ENABLE_OBJC_ARC = YES;
				CLANG_ENABLE_OBJC_WEAK = YES;
				CLANG_WARN_BLOCK_CAPTURE_AUTORELEASING = YES;
				CLANG_WARN_BOOL_CONVERSION = YES;
				CLANG_WARN_COMMA = YES;
				CLANG_WARN_CONSTANT_CONVERSION = YES;
				CLANG_WARN_DEPRECATED_OBJC_IMPLEMENTATIONS = YES;
				CLANG_WARN_DIRECT_OBJC_ISA_USAGE = YES_ERROR;
				CLANG_WARN_DOCUMENTATION_COMMENTS = YES;
				CLANG_WARN_EMPTY_BODY = YES;
				CLANG_WARN_ENUM_CONVERSION = YES;
				CLANG_WARN_INFINITE_RECURSION = YES;
				CLANG_WARN_INT_CONVERSION = YES;
				CLANG_WARN_NON_LITERAL_NULL_CONVERSION = YES;
				CLANG_WARN_OBJC_IMPLICIT_RETAIN_SELF = YES;
				CLANG_WARN_OBJC_LITERAL_CONVERSION = YES;
				CLANG_WARN_OBJC_ROOT_CLASS = YES_ERROR;
				CLANG_WARN_QUOTED_INCLUDE_IN_FRAMEWORK_HEADER = YES;
				CLANG_WARN_RANGE_LOOP_ANALYSIS = YES;
				CLANG_WARN_STRICT_PROTOTYPES = YES;
				CLANG_WARN_SUSPICIOUS_MOVE = YES;
				CLANG_WARN_UNGUARDED_AVAILABILITY = YES_AGGRESSIVE;
				CLANG_WARN_UNREACHABLE_CODE = YES;
				CLANG_WARN__DUPLICATE_METHOD_MATCH = YES;
				COPY_PHASE_STRIP = NO;
				DEBUG_INFORMATION_FORMAT = "dwarf-with-dsym";
				ENABLE_NS_ASSERTIONS = NO;
				ENABLE_STRICT_OBJC_MSGSEND = YES;
				ENABLE_USER_SCRIPT_SANDBOXING = NO;
				GCC_C_LANGUAGE_STANDARD = gnu17;
				GCC_NO_COMMON_BLOCKS = YES;
				GCC_WARN_64_TO_32_BIT_CONVERSION = YES;
				GCC_WARN_ABOUT_RETURN_TYPE = YES_ERROR;
				GCC_WARN_UNDECLARED_SELECTOR = YES;
				GCC_WARN_UNINITIALIZED_AUTOS = YES_AGGRESSIVE;
				GCC_WARN_UNUSED_FUNCTION = YES;
				GCC_WARN_UNUSED_VARIABLE = YES;
				IPHONEOS_DEPLOYMENT_TARGET = 17.2;
				LOCALIZATION_PREFERS_STRING_CATALOGS = YES;
				MTL_ENABLE_DEBUG_INFO = NO;
				MTL_FAST_MATH = YES;
				SDKROOT = iphoneos;
				SWIFT_COMPILATION_MODE = wholemodule;
				VALIDATE_PRODUCT = YES;
			};
			name = Release;
		};
		027FE3812B3C218F00EC41F1 /* Debug */ = {
			isa = XCBuildConfiguration;
			baseConfigurationReference = BC47B88610169AB4FEF6433C /* Pods-searchforcoffee.debug.xcconfig */;
			buildSettings = {
				ASSETCATALOG_COMPILER_APPICON_NAME = AppIcon;
				ASSETCATALOG_COMPILER_GLOBAL_ACCENT_COLOR_NAME = AccentColor;
				CODE_SIGN_STYLE = Automatic;
				CURRENT_PROJECT_VERSION = 1;
				DEVELOPMENT_TEAM = 962T2B7968;
				GENERATE_INFOPLIST_FILE = YES;
				INFOPLIST_FILE = searchforcoffee/Info.plist;
				INFOPLIST_KEY_UIApplicationSupportsIndirectInputEvents = YES;
				INFOPLIST_KEY_UILaunchStoryboardName = LaunchScreen;
				INFOPLIST_KEY_UIStatusBarHidden = NO;
				INFOPLIST_KEY_UIStatusBarStyle = "";
				INFOPLIST_KEY_UISupportedInterfaceOrientations_iPad = "UIInterfaceOrientationPortrait UIInterfaceOrientationPortraitUpsideDown UIInterfaceOrientationLandscapeLeft UIInterfaceOrientationLandscapeRight";
				INFOPLIST_KEY_UISupportedInterfaceOrientations_iPhone = "UIInterfaceOrientationPortrait UIInterfaceOrientationLandscapeLeft UIInterfaceOrientationLandscapeRight";
				LD_RUNPATH_SEARCH_PATHS = (
					"$(inherited)",
					"@executable_path/Frameworks",
				);
				MARKETING_VERSION = 1.0;
				PRODUCT_BUNDLE_IDENTIFIER = com.dibureau.searchforcoffee;
				PRODUCT_NAME = "$(TARGET_NAME)";
				SUPPORTED_PLATFORMS = "iphoneos iphonesimulator";
				SUPPORTS_MACCATALYST = NO;
				SWIFT_EMIT_LOC_STRINGS = YES;
				SWIFT_VERSION = 5.0;
				TARGETED_DEVICE_FAMILY = 1;
			};
			name = Debug;
		};
		027FE3822B3C218F00EC41F1 /* Release */ = {
			isa = XCBuildConfiguration;
			baseConfigurationReference = 0AE3702E4AA4BF93AA5DEBF3 /* Pods-searchforcoffee.release.xcconfig */;
			buildSettings = {
				ASSETCATALOG_COMPILER_APPICON_NAME = AppIcon;
				ASSETCATALOG_COMPILER_GLOBAL_ACCENT_COLOR_NAME = AccentColor;
				CODE_SIGN_STYLE = Automatic;
				CURRENT_PROJECT_VERSION = 1;
				DEVELOPMENT_TEAM = 962T2B7968;
				GENERATE_INFOPLIST_FILE = YES;
				INFOPLIST_FILE = searchforcoffee/Info.plist;
				INFOPLIST_KEY_UIApplicationSupportsIndirectInputEvents = YES;
				INFOPLIST_KEY_UILaunchStoryboardName = LaunchScreen;
				INFOPLIST_KEY_UIStatusBarHidden = NO;
				INFOPLIST_KEY_UIStatusBarStyle = "";
				INFOPLIST_KEY_UISupportedInterfaceOrientations_iPad = "UIInterfaceOrientationPortrait UIInterfaceOrientationPortraitUpsideDown UIInterfaceOrientationLandscapeLeft UIInterfaceOrientationLandscapeRight";
				INFOPLIST_KEY_UISupportedInterfaceOrientations_iPhone = "UIInterfaceOrientationPortrait UIInterfaceOrientationLandscapeLeft UIInterfaceOrientationLandscapeRight";
				LD_RUNPATH_SEARCH_PATHS = (
					"$(inherited)",
					"@executable_path/Frameworks",
				);
				MARKETING_VERSION = 1.0;
				PRODUCT_BUNDLE_IDENTIFIER = com.dibureau.searchforcoffee;
				PRODUCT_NAME = "$(TARGET_NAME)";
				SUPPORTED_PLATFORMS = "iphoneos iphonesimulator";
				SUPPORTS_MACCATALYST = NO;
				SWIFT_EMIT_LOC_STRINGS = YES;
				SWIFT_VERSION = 5.0;
				TARGETED_DEVICE_FAMILY = 1;
			};
			name = Release;
		};
/* End XCBuildConfiguration section */

/* Begin XCConfigurationList section */
		027FE3672B3C218E00EC41F1 /* Build configuration list for PBXProject "searchforcoffee" */ = {
			isa = XCConfigurationList;
			buildConfigurations = (
				027FE37E2B3C218F00EC41F1 /* Debug */,
				027FE37F2B3C218F00EC41F1 /* Release */,
			);
			defaultConfigurationIsVisible = 0;
			defaultConfigurationName = Release;
		};
		027FE3802B3C218F00EC41F1 /* Build configuration list for PBXNativeTarget "searchforcoffee" */ = {
			isa = XCConfigurationList;
			buildConfigurations = (
				027FE3812B3C218F00EC41F1 /* Debug */,
				027FE3822B3C218F00EC41F1 /* Release */,
			);
			defaultConfigurationIsVisible = 0;
			defaultConfigurationName = Release;
		};
/* End XCConfigurationList section */
	};
	rootObject = 027FE3642B3C218E00EC41F1 /* Project object */;
}
